
Microsoft Visual Studio Solution File, Format Version 12.00
# Visual Studio 15
VisualStudioVersion = 15.0.27130.2027
MinimumVisualStudioVersion = 10.0.40219.1
Project("{FAE04EC0-301F-11D3-BF4B-00C04F79EFBC}") = "2066(done)", "Timus\2066(done).csproj", "{AF6B4B26-14D5-4AE7-9BBC-DBD68123BA19}"
EndProject
Project("{FAE04EC0-301F-11D3-BF4B-00C04F79EFBC}") = "1567(done)", "1567\1567(done).csproj", "{AF757DCE-46B9-47E5-B6DD-E72E826B56CA}"
EndProject
Project("{FAE04EC0-301F-11D3-BF4B-00C04F79EFBC}") = "1517", "1517\1517.csproj", "{D2F95DA3-1393-4575-BC45-A02FF557B802}"
EndProject
Project("{FAE04EC0-301F-11D3-BF4B-00C04F79EFBC}") = "1409(done)", "1409\1409(done).csproj", "{3FD06B82-1993-4203-B604-5D2B4684E589}"
EndProject
Project("{FAE04EC0-301F-11D3-BF4B-00C04F79EFBC}") = "2073", "2073\2073.csproj", "{AC83C3F8-467B-4B61-924B-0010D5527065}"
EndProject
Project("{FAE04EC0-301F-11D3-BF4B-00C04F79EFBC}") = "1100", "1100\1100.csproj", "{96C8F903-278E-4683-A6BA-F3049E6DD963}"
EndProject
Project("{FAE04EC0-301F-11D3-BF4B-00C04F79EFBC}") = "temp", "temp\temp.csproj", "{E8E541A0-D33B-45C9-B2ED-5E44AC029B88}"
EndProject
Project("{FAE04EC0-301F-11D3-BF4B-00C04F79EFBC}") = "1131", "ConsoleApplication1\1131.csproj", "{0743E03B-50D0-4BFA-9E67-5A896CBA8846}"
EndProject
Project("{FAE04EC0-301F-11D3-BF4B-00C04F79EFBC}") = "1009", "1009\1009.csproj", "{F0AC8561-8A36-425A-B341-9D31899305C0}"
EndProject
Project("{FAE04EC0-301F-11D3-BF4B-00C04F79EFBC}") = "1020(done)", "1020\1020(done).csproj", "{A878C3A2-D3BE-4E52-801A-790BCF1DE411}"
EndProject
Project("{FAE04EC0-301F-11D3-BF4B-00C04F79EFBC}") = "1021(done)", "1021\1021(done).csproj", "{324A53DC-0E63-4C64-AFEC-1F8939E99125}"
EndProject
Project("{FAE04EC0-301F-11D3-BF4B-00C04F79EFBC}") = "1005", "1005\1005.csproj", "{E77C524E-C05F-4EA5-B1A0-C50DAA78AC02}"
EndProject
Project("{FAE04EC0-301F-11D3-BF4B-00C04F79EFBC}") = "1502(done)", "1502\1502(done).csproj", "{8FBE6C70-58E3-4A86-9B67-B1E4F4CCFDD1}"
EndProject
Project("{FAE04EC0-301F-11D3-BF4B-00C04F79EFBC}") = "1601", "1601\1601.csproj", "{EF43C24B-997A-471B-8063-D8BD14EE8A2E}"
EndProject
Project("{FAE04EC0-301F-11D3-BF4B-00C04F79EFBC}") = "1446(done)", "1260\1446(done).csproj", "{7474EC6E-1F31-413F-A00A-93AE715780F0}"
EndProject
Project("{FAE04EC0-301F-11D3-BF4B-00C04F79EFBC}") = "1306", "1306\1306.csproj", "{22EC02F8-CC06-4AB7-ABD4-F02A1414D1E5}"
EndProject
Project("{FAE04EC0-301F-11D3-BF4B-00C04F79EFBC}") = "1982", "1982\1982.csproj", "{84CD6148-9CE0-45C3-AE09-389F71AC9163}"
EndProject
Project("{FAE04EC0-301F-11D3-BF4B-00C04F79EFBC}") = "1293(done)", "1293\1293(done).csproj", "{C8C7DC34-6513-4F78-9BB9-A6C4F81B7A08}"
EndProject
Project("{FAE04EC0-301F-11D3-BF4B-00C04F79EFBC}") = "1785(done)", "1785\1785(done).csproj", "{FD03A4BC-DD4C-48A6-858C-8C5E2BA240CF}"
EndProject
Project("{FAE04EC0-301F-11D3-BF4B-00C04F79EFBC}") = "1877(done)", "1877\1877(done).csproj", "{21AA9173-D605-400C-9FA0-0489FC45A085}"
EndProject
Project("{FAE04EC0-301F-11D3-BF4B-00C04F79EFBC}") = "2012(done)", "2012\2012(done).csproj", "{47D5A891-E265-41F0-BC4D-5FB5CB5CB614}"
EndProject
Project("{FAE04EC0-301F-11D3-BF4B-00C04F79EFBC}") = "1820(done)", "1820(done)\1820(done).csproj", "{91FB7B2B-A856-4E83-AFF8-35977A3A2A4A}"
EndProject
Project("{FAE04EC0-301F-11D3-BF4B-00C04F79EFBC}") = "1787(done)", "1787\1787(done).csproj", "{FB080938-238A-4B98-99E8-E3EB4B608138}"
EndProject
Project("{FAE04EC0-301F-11D3-BF4B-00C04F79EFBC}") = "2001_", "2001_\2001_.csproj", "{D7DB0939-D81E-478C-B49E-D73D3F367B05}"
EndProject
Project("{FAE04EC0-301F-11D3-BF4B-00C04F79EFBC}") = "1264(done)", "1264\1264(done).csproj", "{DF5F6198-4032-443A-A7EB-EC592A11B0C9}"
EndProject
Project("{FAE04EC0-301F-11D3-BF4B-00C04F79EFBC}") = "1880(done)", "1880\1880(done).csproj", "{C3949236-996A-4DE0-B50A-A624104489CC}"
EndProject
Project("{FAE04EC0-301F-11D3-BF4B-00C04F79EFBC}") = "1910", "1910\1910.csproj", "{F5801A6F-C879-40C3-B331-1FA2A1FC00FD}"
EndProject
Project("{FAE04EC0-301F-11D3-BF4B-00C04F79EFBC}") = "1639(done)", "1639\1639(done).csproj", "{B4296F75-46FD-4907-9E39-7D12EA5EDDCE}"
EndProject
Project("{FAE04EC0-301F-11D3-BF4B-00C04F79EFBC}") = "1924", "1924\1924.csproj", "{770CE5E9-78F1-4B77-8ED1-BDADA20DBDD4}"
EndProject
Project("{FAE04EC0-301F-11D3-BF4B-00C04F79EFBC}") = "1313(done)", "1313\1313(done).csproj", "{D67BF185-239F-4895-96FB-1E55C079483A}"
EndProject
Project("{FAE04EC0-301F-11D3-BF4B-00C04F79EFBC}") = "1209(done)", "1209(done)\1209(done).csproj", "{1A38017D-83A3-4522-8613-BB1F7115CC98}"
EndProject
Project("{FAE04EC0-301F-11D3-BF4B-00C04F79EFBC}") = "1319(done)", "1319\1319(done).csproj", "{CE5AFABC-7AB4-4F5A-8604-2C3D101D35F7}"
EndProject
Project("{FAE04EC0-301F-11D3-BF4B-00C04F79EFBC}") = "1225", "1225\1225.csproj", "{0EE013A8-26E4-4A24-991B-706DE64768BB}"
EndProject
Project("{FAE04EC0-301F-11D3-BF4B-00C04F79EFBC}") = "1581", "1581\1581.csproj", "{BD3984AC-9808-4DCB-805C-68274169C697}"
EndProject
Project("{FAE04EC0-301F-11D3-BF4B-00C04F79EFBC}") = "1001", "1001\1001.csproj", "{5ABA2526-DA6E-4697-8294-38EA639EF3D1}"
EndProject
Project("{FAE04EC0-301F-11D3-BF4B-00C04F79EFBC}") = "1263", "1263\1263.csproj", "{8DEAC801-3223-4092-A6B0-021A6CAE8874}"
EndProject
Project("{FAE04EC0-301F-11D3-BF4B-00C04F79EFBC}") = "1991", "1991\1991.csproj", "{02892BFE-E736-4B8C-9026-74D806C5E341}"
EndProject
Project("{FAE04EC0-301F-11D3-BF4B-00C04F79EFBC}") = "1493", "1493\1493.csproj", "{3AC8C185-A568-4C14-B521-EFF540F987AD}"
EndProject
Project("{FAE04EC0-301F-11D3-BF4B-00C04F79EFBC}") = "1893", "1893\1893.csproj", "{86A7CB36-A532-4B47-835F-8C8B2E1AD97C}"
EndProject
Project("{FAE04EC0-301F-11D3-BF4B-00C04F79EFBC}") = "1196", "1196\1196.csproj", "{0D446C46-886A-419B-BBCA-8484316603CE}"
EndProject
Project("{FAE04EC0-301F-11D3-BF4B-00C04F79EFBC}") = "1149", "1149\1149.csproj", "{14862ACD-C55C-4226-932E-5F94F458FF81}"
EndProject
Project("{FAE04EC0-301F-11D3-BF4B-00C04F79EFBC}") = "1636", "1636\1636.csproj", "{1F88F4F3-8536-43AE-9FD2-9B04C3D6FFCB}"
EndProject
Project("{FAE04EC0-301F-11D3-BF4B-00C04F79EFBC}") = "2005", "2005\2005.csproj", "{AA08FE9C-D45C-40D2-A13E-CE8B011C0674}"
EndProject
Project("{FAE04EC0-301F-11D3-BF4B-00C04F79EFBC}") = "1607", "1607\1607.csproj", "{5C98A26E-54B2-4665-8155-15A5C7741A00}"
EndProject
Project("{FAE04EC0-301F-11D3-BF4B-00C04F79EFBC}") = "2010", "2010\2010.csproj", "{9619BCC4-ACAF-4D58-8B21-902AE4B80A62}"
EndProject
Project("{FAE04EC0-301F-11D3-BF4B-00C04F79EFBC}") = "1243", "1243\1243.csproj", "{F42D5DB8-4170-4CC7-A3F9-0AE8AF65479C}"
EndProject
Project("{FAE04EC0-301F-11D3-BF4B-00C04F79EFBC}") = "1110", "1110\1110.csproj", "{073F588C-C4CD-4F30-BE41-F5EE1AA66EF1}"
EndProject
Project("{FAE04EC0-301F-11D3-BF4B-00C04F79EFBC}") = "1654", "1654\1654.csproj", "{7E497A55-C987-4157-96C1-AB6AA1B5FB16}"
EndProject
Project("{FAE04EC0-301F-11D3-BF4B-00C04F79EFBC}") = "1404", "ConsoleApp1\1404.csproj", "{9B46C7BC-9671-4D6F-A974-2D9EA58B5007}"
EndProject
Project("{FAE04EC0-301F-11D3-BF4B-00C04F79EFBC}") = "1712", "1712\1712.csproj", "{8FC5AC26-4681-406A-B8C9-74586CED1AB3}"
EndProject
Project("{FAE04EC0-301F-11D3-BF4B-00C04F79EFBC}") = "2100", "2100\2100.csproj", "{0DE58203-E1B6-4D0C-9A7F-FDC7CD570D68}"
EndProject
Project("{8BC9CEB8-8B4A-11D0-8D11-00A0C91BC942}") = "c++ 1209", "c++ 1209\c++ 1209.vcxproj", "{B088A747-9965-4286-8061-E3AA68A5E557}"
EndProject
Project("{FAE04EC0-301F-11D3-BF4B-00C04F79EFBC}") = "1349", "1349\1349.csproj", "{F2A133A6-8C2D-48D9-B8D2-44144513D942}"
EndProject
Global
	GlobalSection(SolutionConfigurationPlatforms) = preSolution
		Debug|Any CPU = Debug|Any CPU
		Debug|x64 = Debug|x64
		Debug|x86 = Debug|x86
		Release|Any CPU = Release|Any CPU
		Release|x64 = Release|x64
		Release|x86 = Release|x86
	EndGlobalSection
	GlobalSection(ProjectConfigurationPlatforms) = postSolution
		{AF6B4B26-14D5-4AE7-9BBC-DBD68123BA19}.Debug|Any CPU.ActiveCfg = Debug|Any CPU
		{AF6B4B26-14D5-4AE7-9BBC-DBD68123BA19}.Debug|Any CPU.Build.0 = Debug|Any CPU
		{AF6B4B26-14D5-4AE7-9BBC-DBD68123BA19}.Debug|x64.ActiveCfg = Debug|Any CPU
		{AF6B4B26-14D5-4AE7-9BBC-DBD68123BA19}.Debug|x64.Build.0 = Debug|Any CPU
		{AF6B4B26-14D5-4AE7-9BBC-DBD68123BA19}.Debug|x86.ActiveCfg = Debug|Any CPU
		{AF6B4B26-14D5-4AE7-9BBC-DBD68123BA19}.Debug|x86.Build.0 = Debug|Any CPU
		{AF6B4B26-14D5-4AE7-9BBC-DBD68123BA19}.Release|Any CPU.ActiveCfg = Release|Any CPU
		{AF6B4B26-14D5-4AE7-9BBC-DBD68123BA19}.Release|Any CPU.Build.0 = Release|Any CPU
		{AF6B4B26-14D5-4AE7-9BBC-DBD68123BA19}.Release|x64.ActiveCfg = Release|Any CPU
		{AF6B4B26-14D5-4AE7-9BBC-DBD68123BA19}.Release|x64.Build.0 = Release|Any CPU
		{AF6B4B26-14D5-4AE7-9BBC-DBD68123BA19}.Release|x86.ActiveCfg = Release|Any CPU
		{AF6B4B26-14D5-4AE7-9BBC-DBD68123BA19}.Release|x86.Build.0 = Release|Any CPU
		{AF757DCE-46B9-47E5-B6DD-E72E826B56CA}.Debug|Any CPU.ActiveCfg = Debug|Any CPU
		{AF757DCE-46B9-47E5-B6DD-E72E826B56CA}.Debug|Any CPU.Build.0 = Debug|Any CPU
		{AF757DCE-46B9-47E5-B6DD-E72E826B56CA}.Debug|x64.ActiveCfg = Debug|Any CPU
		{AF757DCE-46B9-47E5-B6DD-E72E826B56CA}.Debug|x64.Build.0 = Debug|Any CPU
		{AF757DCE-46B9-47E5-B6DD-E72E826B56CA}.Debug|x86.ActiveCfg = Debug|Any CPU
		{AF757DCE-46B9-47E5-B6DD-E72E826B56CA}.Debug|x86.Build.0 = Debug|Any CPU
		{AF757DCE-46B9-47E5-B6DD-E72E826B56CA}.Release|Any CPU.ActiveCfg = Release|Any CPU
		{AF757DCE-46B9-47E5-B6DD-E72E826B56CA}.Release|Any CPU.Build.0 = Release|Any CPU
		{AF757DCE-46B9-47E5-B6DD-E72E826B56CA}.Release|x64.ActiveCfg = Release|Any CPU
		{AF757DCE-46B9-47E5-B6DD-E72E826B56CA}.Release|x64.Build.0 = Release|Any CPU
		{AF757DCE-46B9-47E5-B6DD-E72E826B56CA}.Release|x86.ActiveCfg = Release|Any CPU
		{AF757DCE-46B9-47E5-B6DD-E72E826B56CA}.Release|x86.Build.0 = Release|Any CPU
		{D2F95DA3-1393-4575-BC45-A02FF557B802}.Debug|Any CPU.ActiveCfg = Debug|Any CPU
		{D2F95DA3-1393-4575-BC45-A02FF557B802}.Debug|Any CPU.Build.0 = Debug|Any CPU
		{D2F95DA3-1393-4575-BC45-A02FF557B802}.Debug|x64.ActiveCfg = Debug|Any CPU
		{D2F95DA3-1393-4575-BC45-A02FF557B802}.Debug|x64.Build.0 = Debug|Any CPU
		{D2F95DA3-1393-4575-BC45-A02FF557B802}.Debug|x86.ActiveCfg = Debug|Any CPU
		{D2F95DA3-1393-4575-BC45-A02FF557B802}.Debug|x86.Build.0 = Debug|Any CPU
		{D2F95DA3-1393-4575-BC45-A02FF557B802}.Release|Any CPU.ActiveCfg = Release|Any CPU
		{D2F95DA3-1393-4575-BC45-A02FF557B802}.Release|Any CPU.Build.0 = Release|Any CPU
		{D2F95DA3-1393-4575-BC45-A02FF557B802}.Release|x64.ActiveCfg = Release|Any CPU
		{D2F95DA3-1393-4575-BC45-A02FF557B802}.Release|x64.Build.0 = Release|Any CPU
		{D2F95DA3-1393-4575-BC45-A02FF557B802}.Release|x86.ActiveCfg = Release|Any CPU
		{D2F95DA3-1393-4575-BC45-A02FF557B802}.Release|x86.Build.0 = Release|Any CPU
		{3FD06B82-1993-4203-B604-5D2B4684E589}.Debug|Any CPU.ActiveCfg = Debug|Any CPU
		{3FD06B82-1993-4203-B604-5D2B4684E589}.Debug|Any CPU.Build.0 = Debug|Any CPU
		{3FD06B82-1993-4203-B604-5D2B4684E589}.Debug|x64.ActiveCfg = Debug|Any CPU
		{3FD06B82-1993-4203-B604-5D2B4684E589}.Debug|x64.Build.0 = Debug|Any CPU
		{3FD06B82-1993-4203-B604-5D2B4684E589}.Debug|x86.ActiveCfg = Debug|Any CPU
		{3FD06B82-1993-4203-B604-5D2B4684E589}.Debug|x86.Build.0 = Debug|Any CPU
		{3FD06B82-1993-4203-B604-5D2B4684E589}.Release|Any CPU.ActiveCfg = Release|Any CPU
		{3FD06B82-1993-4203-B604-5D2B4684E589}.Release|Any CPU.Build.0 = Release|Any CPU
		{3FD06B82-1993-4203-B604-5D2B4684E589}.Release|x64.ActiveCfg = Release|Any CPU
		{3FD06B82-1993-4203-B604-5D2B4684E589}.Release|x64.Build.0 = Release|Any CPU
		{3FD06B82-1993-4203-B604-5D2B4684E589}.Release|x86.ActiveCfg = Release|Any CPU
		{3FD06B82-1993-4203-B604-5D2B4684E589}.Release|x86.Build.0 = Release|Any CPU
		{AC83C3F8-467B-4B61-924B-0010D5527065}.Debug|Any CPU.ActiveCfg = Debug|Any CPU
		{AC83C3F8-467B-4B61-924B-0010D5527065}.Debug|Any CPU.Build.0 = Debug|Any CPU
		{AC83C3F8-467B-4B61-924B-0010D5527065}.Debug|x64.ActiveCfg = Debug|Any CPU
		{AC83C3F8-467B-4B61-924B-0010D5527065}.Debug|x64.Build.0 = Debug|Any CPU
		{AC83C3F8-467B-4B61-924B-0010D5527065}.Debug|x86.ActiveCfg = Debug|Any CPU
		{AC83C3F8-467B-4B61-924B-0010D5527065}.Debug|x86.Build.0 = Debug|Any CPU
		{AC83C3F8-467B-4B61-924B-0010D5527065}.Release|Any CPU.ActiveCfg = Release|Any CPU
		{AC83C3F8-467B-4B61-924B-0010D5527065}.Release|Any CPU.Build.0 = Release|Any CPU
		{AC83C3F8-467B-4B61-924B-0010D5527065}.Release|x64.ActiveCfg = Release|Any CPU
		{AC83C3F8-467B-4B61-924B-0010D5527065}.Release|x64.Build.0 = Release|Any CPU
		{AC83C3F8-467B-4B61-924B-0010D5527065}.Release|x86.ActiveCfg = Release|Any CPU
		{AC83C3F8-467B-4B61-924B-0010D5527065}.Release|x86.Build.0 = Release|Any CPU
		{96C8F903-278E-4683-A6BA-F3049E6DD963}.Debug|Any CPU.ActiveCfg = Debug|Any CPU
		{96C8F903-278E-4683-A6BA-F3049E6DD963}.Debug|Any CPU.Build.0 = Debug|Any CPU
		{96C8F903-278E-4683-A6BA-F3049E6DD963}.Debug|x64.ActiveCfg = Debug|Any CPU
		{96C8F903-278E-4683-A6BA-F3049E6DD963}.Debug|x64.Build.0 = Debug|Any CPU
		{96C8F903-278E-4683-A6BA-F3049E6DD963}.Debug|x86.ActiveCfg = Debug|Any CPU
		{96C8F903-278E-4683-A6BA-F3049E6DD963}.Debug|x86.Build.0 = Debug|Any CPU
		{96C8F903-278E-4683-A6BA-F3049E6DD963}.Release|Any CPU.ActiveCfg = Release|Any CPU
		{96C8F903-278E-4683-A6BA-F3049E6DD963}.Release|Any CPU.Build.0 = Release|Any CPU
		{96C8F903-278E-4683-A6BA-F3049E6DD963}.Release|x64.ActiveCfg = Release|Any CPU
		{96C8F903-278E-4683-A6BA-F3049E6DD963}.Release|x64.Build.0 = Release|Any CPU
		{96C8F903-278E-4683-A6BA-F3049E6DD963}.Release|x86.ActiveCfg = Release|Any CPU
		{96C8F903-278E-4683-A6BA-F3049E6DD963}.Release|x86.Build.0 = Release|Any CPU
		{E8E541A0-D33B-45C9-B2ED-5E44AC029B88}.Debug|Any CPU.ActiveCfg = Debug|Any CPU
		{E8E541A0-D33B-45C9-B2ED-5E44AC029B88}.Debug|Any CPU.Build.0 = Debug|Any CPU
		{E8E541A0-D33B-45C9-B2ED-5E44AC029B88}.Debug|x64.ActiveCfg = Debug|Any CPU
		{E8E541A0-D33B-45C9-B2ED-5E44AC029B88}.Debug|x64.Build.0 = Debug|Any CPU
		{E8E541A0-D33B-45C9-B2ED-5E44AC029B88}.Debug|x86.ActiveCfg = Debug|Any CPU
		{E8E541A0-D33B-45C9-B2ED-5E44AC029B88}.Debug|x86.Build.0 = Debug|Any CPU
		{E8E541A0-D33B-45C9-B2ED-5E44AC029B88}.Release|Any CPU.ActiveCfg = Release|Any CPU
		{E8E541A0-D33B-45C9-B2ED-5E44AC029B88}.Release|Any CPU.Build.0 = Release|Any CPU
		{E8E541A0-D33B-45C9-B2ED-5E44AC029B88}.Release|x64.ActiveCfg = Release|Any CPU
		{E8E541A0-D33B-45C9-B2ED-5E44AC029B88}.Release|x64.Build.0 = Release|Any CPU
		{E8E541A0-D33B-45C9-B2ED-5E44AC029B88}.Release|x86.ActiveCfg = Release|Any CPU
		{E8E541A0-D33B-45C9-B2ED-5E44AC029B88}.Release|x86.Build.0 = Release|Any CPU
		{0743E03B-50D0-4BFA-9E67-5A896CBA8846}.Debug|Any CPU.ActiveCfg = Debug|Any CPU
		{0743E03B-50D0-4BFA-9E67-5A896CBA8846}.Debug|Any CPU.Build.0 = Debug|Any CPU
		{0743E03B-50D0-4BFA-9E67-5A896CBA8846}.Debug|x64.ActiveCfg = Debug|Any CPU
		{0743E03B-50D0-4BFA-9E67-5A896CBA8846}.Debug|x64.Build.0 = Debug|Any CPU
		{0743E03B-50D0-4BFA-9E67-5A896CBA8846}.Debug|x86.ActiveCfg = Debug|Any CPU
		{0743E03B-50D0-4BFA-9E67-5A896CBA8846}.Debug|x86.Build.0 = Debug|Any CPU
		{0743E03B-50D0-4BFA-9E67-5A896CBA8846}.Release|Any CPU.ActiveCfg = Release|Any CPU
		{0743E03B-50D0-4BFA-9E67-5A896CBA8846}.Release|Any CPU.Build.0 = Release|Any CPU
		{0743E03B-50D0-4BFA-9E67-5A896CBA8846}.Release|x64.ActiveCfg = Release|Any CPU
		{0743E03B-50D0-4BFA-9E67-5A896CBA8846}.Release|x64.Build.0 = Release|Any CPU
		{0743E03B-50D0-4BFA-9E67-5A896CBA8846}.Release|x86.ActiveCfg = Release|Any CPU
		{0743E03B-50D0-4BFA-9E67-5A896CBA8846}.Release|x86.Build.0 = Release|Any CPU
		{F0AC8561-8A36-425A-B341-9D31899305C0}.Debug|Any CPU.ActiveCfg = Debug|Any CPU
		{F0AC8561-8A36-425A-B341-9D31899305C0}.Debug|Any CPU.Build.0 = Debug|Any CPU
		{F0AC8561-8A36-425A-B341-9D31899305C0}.Debug|x64.ActiveCfg = Debug|Any CPU
		{F0AC8561-8A36-425A-B341-9D31899305C0}.Debug|x64.Build.0 = Debug|Any CPU
		{F0AC8561-8A36-425A-B341-9D31899305C0}.Debug|x86.ActiveCfg = Debug|Any CPU
		{F0AC8561-8A36-425A-B341-9D31899305C0}.Debug|x86.Build.0 = Debug|Any CPU
		{F0AC8561-8A36-425A-B341-9D31899305C0}.Release|Any CPU.ActiveCfg = Release|Any CPU
		{F0AC8561-8A36-425A-B341-9D31899305C0}.Release|Any CPU.Build.0 = Release|Any CPU
		{F0AC8561-8A36-425A-B341-9D31899305C0}.Release|x64.ActiveCfg = Release|Any CPU
		{F0AC8561-8A36-425A-B341-9D31899305C0}.Release|x64.Build.0 = Release|Any CPU
		{F0AC8561-8A36-425A-B341-9D31899305C0}.Release|x86.ActiveCfg = Release|Any CPU
		{F0AC8561-8A36-425A-B341-9D31899305C0}.Release|x86.Build.0 = Release|Any CPU
		{A878C3A2-D3BE-4E52-801A-790BCF1DE411}.Debug|Any CPU.ActiveCfg = Debug|Any CPU
		{A878C3A2-D3BE-4E52-801A-790BCF1DE411}.Debug|Any CPU.Build.0 = Debug|Any CPU
		{A878C3A2-D3BE-4E52-801A-790BCF1DE411}.Debug|x64.ActiveCfg = Debug|Any CPU
		{A878C3A2-D3BE-4E52-801A-790BCF1DE411}.Debug|x64.Build.0 = Debug|Any CPU
		{A878C3A2-D3BE-4E52-801A-790BCF1DE411}.Debug|x86.ActiveCfg = Debug|Any CPU
		{A878C3A2-D3BE-4E52-801A-790BCF1DE411}.Debug|x86.Build.0 = Debug|Any CPU
		{A878C3A2-D3BE-4E52-801A-790BCF1DE411}.Release|Any CPU.ActiveCfg = Release|Any CPU
		{A878C3A2-D3BE-4E52-801A-790BCF1DE411}.Release|Any CPU.Build.0 = Release|Any CPU
		{A878C3A2-D3BE-4E52-801A-790BCF1DE411}.Release|x64.ActiveCfg = Release|Any CPU
		{A878C3A2-D3BE-4E52-801A-790BCF1DE411}.Release|x64.Build.0 = Release|Any CPU
		{A878C3A2-D3BE-4E52-801A-790BCF1DE411}.Release|x86.ActiveCfg = Release|Any CPU
		{A878C3A2-D3BE-4E52-801A-790BCF1DE411}.Release|x86.Build.0 = Release|Any CPU
		{324A53DC-0E63-4C64-AFEC-1F8939E99125}.Debug|Any CPU.ActiveCfg = Debug|Any CPU
		{324A53DC-0E63-4C64-AFEC-1F8939E99125}.Debug|Any CPU.Build.0 = Debug|Any CPU
		{324A53DC-0E63-4C64-AFEC-1F8939E99125}.Debug|x64.ActiveCfg = Debug|Any CPU
		{324A53DC-0E63-4C64-AFEC-1F8939E99125}.Debug|x64.Build.0 = Debug|Any CPU
		{324A53DC-0E63-4C64-AFEC-1F8939E99125}.Debug|x86.ActiveCfg = Debug|Any CPU
		{324A53DC-0E63-4C64-AFEC-1F8939E99125}.Debug|x86.Build.0 = Debug|Any CPU
		{324A53DC-0E63-4C64-AFEC-1F8939E99125}.Release|Any CPU.ActiveCfg = Release|Any CPU
		{324A53DC-0E63-4C64-AFEC-1F8939E99125}.Release|Any CPU.Build.0 = Release|Any CPU
		{324A53DC-0E63-4C64-AFEC-1F8939E99125}.Release|x64.ActiveCfg = Release|Any CPU
		{324A53DC-0E63-4C64-AFEC-1F8939E99125}.Release|x64.Build.0 = Release|Any CPU
		{324A53DC-0E63-4C64-AFEC-1F8939E99125}.Release|x86.ActiveCfg = Release|Any CPU
		{324A53DC-0E63-4C64-AFEC-1F8939E99125}.Release|x86.Build.0 = Release|Any CPU
		{E77C524E-C05F-4EA5-B1A0-C50DAA78AC02}.Debug|Any CPU.ActiveCfg = Debug|Any CPU
		{E77C524E-C05F-4EA5-B1A0-C50DAA78AC02}.Debug|Any CPU.Build.0 = Debug|Any CPU
		{E77C524E-C05F-4EA5-B1A0-C50DAA78AC02}.Debug|x64.ActiveCfg = Debug|Any CPU
		{E77C524E-C05F-4EA5-B1A0-C50DAA78AC02}.Debug|x64.Build.0 = Debug|Any CPU
		{E77C524E-C05F-4EA5-B1A0-C50DAA78AC02}.Debug|x86.ActiveCfg = Debug|Any CPU
		{E77C524E-C05F-4EA5-B1A0-C50DAA78AC02}.Debug|x86.Build.0 = Debug|Any CPU
		{E77C524E-C05F-4EA5-B1A0-C50DAA78AC02}.Release|Any CPU.ActiveCfg = Release|Any CPU
		{E77C524E-C05F-4EA5-B1A0-C50DAA78AC02}.Release|Any CPU.Build.0 = Release|Any CPU
		{E77C524E-C05F-4EA5-B1A0-C50DAA78AC02}.Release|x64.ActiveCfg = Release|Any CPU
		{E77C524E-C05F-4EA5-B1A0-C50DAA78AC02}.Release|x64.Build.0 = Release|Any CPU
		{E77C524E-C05F-4EA5-B1A0-C50DAA78AC02}.Release|x86.ActiveCfg = Release|Any CPU
		{E77C524E-C05F-4EA5-B1A0-C50DAA78AC02}.Release|x86.Build.0 = Release|Any CPU
		{8FBE6C70-58E3-4A86-9B67-B1E4F4CCFDD1}.Debug|Any CPU.ActiveCfg = Debug|Any CPU
		{8FBE6C70-58E3-4A86-9B67-B1E4F4CCFDD1}.Debug|Any CPU.Build.0 = Debug|Any CPU
		{8FBE6C70-58E3-4A86-9B67-B1E4F4CCFDD1}.Debug|x64.ActiveCfg = Debug|Any CPU
		{8FBE6C70-58E3-4A86-9B67-B1E4F4CCFDD1}.Debug|x64.Build.0 = Debug|Any CPU
		{8FBE6C70-58E3-4A86-9B67-B1E4F4CCFDD1}.Debug|x86.ActiveCfg = Debug|Any CPU
		{8FBE6C70-58E3-4A86-9B67-B1E4F4CCFDD1}.Debug|x86.Build.0 = Debug|Any CPU
		{8FBE6C70-58E3-4A86-9B67-B1E4F4CCFDD1}.Release|Any CPU.ActiveCfg = Release|Any CPU
		{8FBE6C70-58E3-4A86-9B67-B1E4F4CCFDD1}.Release|Any CPU.Build.0 = Release|Any CPU
		{8FBE6C70-58E3-4A86-9B67-B1E4F4CCFDD1}.Release|x64.ActiveCfg = Release|Any CPU
		{8FBE6C70-58E3-4A86-9B67-B1E4F4CCFDD1}.Release|x64.Build.0 = Release|Any CPU
		{8FBE6C70-58E3-4A86-9B67-B1E4F4CCFDD1}.Release|x86.ActiveCfg = Release|Any CPU
		{8FBE6C70-58E3-4A86-9B67-B1E4F4CCFDD1}.Release|x86.Build.0 = Release|Any CPU
		{EF43C24B-997A-471B-8063-D8BD14EE8A2E}.Debug|Any CPU.ActiveCfg = Debug|Any CPU
		{EF43C24B-997A-471B-8063-D8BD14EE8A2E}.Debug|Any CPU.Build.0 = Debug|Any CPU
		{EF43C24B-997A-471B-8063-D8BD14EE8A2E}.Debug|x64.ActiveCfg = Debug|Any CPU
		{EF43C24B-997A-471B-8063-D8BD14EE8A2E}.Debug|x64.Build.0 = Debug|Any CPU
		{EF43C24B-997A-471B-8063-D8BD14EE8A2E}.Debug|x86.ActiveCfg = Debug|Any CPU
		{EF43C24B-997A-471B-8063-D8BD14EE8A2E}.Debug|x86.Build.0 = Debug|Any CPU
		{EF43C24B-997A-471B-8063-D8BD14EE8A2E}.Release|Any CPU.ActiveCfg = Release|Any CPU
		{EF43C24B-997A-471B-8063-D8BD14EE8A2E}.Release|Any CPU.Build.0 = Release|Any CPU
		{EF43C24B-997A-471B-8063-D8BD14EE8A2E}.Release|x64.ActiveCfg = Release|Any CPU
		{EF43C24B-997A-471B-8063-D8BD14EE8A2E}.Release|x64.Build.0 = Release|Any CPU
		{EF43C24B-997A-471B-8063-D8BD14EE8A2E}.Release|x86.ActiveCfg = Release|Any CPU
		{EF43C24B-997A-471B-8063-D8BD14EE8A2E}.Release|x86.Build.0 = Release|Any CPU
		{7474EC6E-1F31-413F-A00A-93AE715780F0}.Debug|Any CPU.ActiveCfg = Debug|Any CPU
		{7474EC6E-1F31-413F-A00A-93AE715780F0}.Debug|Any CPU.Build.0 = Debug|Any CPU
		{7474EC6E-1F31-413F-A00A-93AE715780F0}.Debug|x64.ActiveCfg = Debug|Any CPU
		{7474EC6E-1F31-413F-A00A-93AE715780F0}.Debug|x64.Build.0 = Debug|Any CPU
		{7474EC6E-1F31-413F-A00A-93AE715780F0}.Debug|x86.ActiveCfg = Debug|Any CPU
		{7474EC6E-1F31-413F-A00A-93AE715780F0}.Debug|x86.Build.0 = Debug|Any CPU
		{7474EC6E-1F31-413F-A00A-93AE715780F0}.Release|Any CPU.ActiveCfg = Release|Any CPU
		{7474EC6E-1F31-413F-A00A-93AE715780F0}.Release|Any CPU.Build.0 = Release|Any CPU
		{7474EC6E-1F31-413F-A00A-93AE715780F0}.Release|x64.ActiveCfg = Release|Any CPU
		{7474EC6E-1F31-413F-A00A-93AE715780F0}.Release|x64.Build.0 = Release|Any CPU
		{7474EC6E-1F31-413F-A00A-93AE715780F0}.Release|x86.ActiveCfg = Release|Any CPU
		{7474EC6E-1F31-413F-A00A-93AE715780F0}.Release|x86.Build.0 = Release|Any CPU
		{22EC02F8-CC06-4AB7-ABD4-F02A1414D1E5}.Debug|Any CPU.ActiveCfg = Debug|Any CPU
		{22EC02F8-CC06-4AB7-ABD4-F02A1414D1E5}.Debug|Any CPU.Build.0 = Debug|Any CPU
		{22EC02F8-CC06-4AB7-ABD4-F02A1414D1E5}.Debug|x64.ActiveCfg = Debug|Any CPU
		{22EC02F8-CC06-4AB7-ABD4-F02A1414D1E5}.Debug|x86.ActiveCfg = Debug|Any CPU
		{22EC02F8-CC06-4AB7-ABD4-F02A1414D1E5}.Release|Any CPU.ActiveCfg = Release|Any CPU
		{22EC02F8-CC06-4AB7-ABD4-F02A1414D1E5}.Release|Any CPU.Build.0 = Release|Any CPU
		{22EC02F8-CC06-4AB7-ABD4-F02A1414D1E5}.Release|x64.ActiveCfg = Release|Any CPU
		{22EC02F8-CC06-4AB7-ABD4-F02A1414D1E5}.Release|x86.ActiveCfg = Release|Any CPU
		{84CD6148-9CE0-45C3-AE09-389F71AC9163}.Debug|Any CPU.ActiveCfg = Debug|Any CPU
		{84CD6148-9CE0-45C3-AE09-389F71AC9163}.Debug|Any CPU.Build.0 = Debug|Any CPU
		{84CD6148-9CE0-45C3-AE09-389F71AC9163}.Debug|x64.ActiveCfg = Debug|Any CPU
		{84CD6148-9CE0-45C3-AE09-389F71AC9163}.Debug|x64.Build.0 = Debug|Any CPU
		{84CD6148-9CE0-45C3-AE09-389F71AC9163}.Debug|x86.ActiveCfg = Debug|Any CPU
		{84CD6148-9CE0-45C3-AE09-389F71AC9163}.Debug|x86.Build.0 = Debug|Any CPU
		{84CD6148-9CE0-45C3-AE09-389F71AC9163}.Release|Any CPU.ActiveCfg = Release|Any CPU
		{84CD6148-9CE0-45C3-AE09-389F71AC9163}.Release|Any CPU.Build.0 = Release|Any CPU
		{84CD6148-9CE0-45C3-AE09-389F71AC9163}.Release|x64.ActiveCfg = Release|Any CPU
		{84CD6148-9CE0-45C3-AE09-389F71AC9163}.Release|x64.Build.0 = Release|Any CPU
		{84CD6148-9CE0-45C3-AE09-389F71AC9163}.Release|x86.ActiveCfg = Release|Any CPU
		{84CD6148-9CE0-45C3-AE09-389F71AC9163}.Release|x86.Build.0 = Release|Any CPU
		{C8C7DC34-6513-4F78-9BB9-A6C4F81B7A08}.Debug|Any CPU.ActiveCfg = Debug|Any CPU
		{C8C7DC34-6513-4F78-9BB9-A6C4F81B7A08}.Debug|Any CPU.Build.0 = Debug|Any CPU
		{C8C7DC34-6513-4F78-9BB9-A6C4F81B7A08}.Debug|x64.ActiveCfg = Debug|Any CPU
		{C8C7DC34-6513-4F78-9BB9-A6C4F81B7A08}.Debug|x64.Build.0 = Debug|Any CPU
		{C8C7DC34-6513-4F78-9BB9-A6C4F81B7A08}.Debug|x86.ActiveCfg = Debug|Any CPU
		{C8C7DC34-6513-4F78-9BB9-A6C4F81B7A08}.Debug|x86.Build.0 = Debug|Any CPU
		{C8C7DC34-6513-4F78-9BB9-A6C4F81B7A08}.Release|Any CPU.ActiveCfg = Release|Any CPU
		{C8C7DC34-6513-4F78-9BB9-A6C4F81B7A08}.Release|Any CPU.Build.0 = Release|Any CPU
		{C8C7DC34-6513-4F78-9BB9-A6C4F81B7A08}.Release|x64.ActiveCfg = Release|Any CPU
		{C8C7DC34-6513-4F78-9BB9-A6C4F81B7A08}.Release|x64.Build.0 = Release|Any CPU
		{C8C7DC34-6513-4F78-9BB9-A6C4F81B7A08}.Release|x86.ActiveCfg = Release|Any CPU
		{C8C7DC34-6513-4F78-9BB9-A6C4F81B7A08}.Release|x86.Build.0 = Release|Any CPU
		{FD03A4BC-DD4C-48A6-858C-8C5E2BA240CF}.Debug|Any CPU.ActiveCfg = Debug|Any CPU
		{FD03A4BC-DD4C-48A6-858C-8C5E2BA240CF}.Debug|Any CPU.Build.0 = Debug|Any CPU
		{FD03A4BC-DD4C-48A6-858C-8C5E2BA240CF}.Debug|x64.ActiveCfg = Debug|Any CPU
		{FD03A4BC-DD4C-48A6-858C-8C5E2BA240CF}.Debug|x64.Build.0 = Debug|Any CPU
		{FD03A4BC-DD4C-48A6-858C-8C5E2BA240CF}.Debug|x86.ActiveCfg = Debug|Any CPU
		{FD03A4BC-DD4C-48A6-858C-8C5E2BA240CF}.Debug|x86.Build.0 = Debug|Any CPU
		{FD03A4BC-DD4C-48A6-858C-8C5E2BA240CF}.Release|Any CPU.ActiveCfg = Release|Any CPU
		{FD03A4BC-DD4C-48A6-858C-8C5E2BA240CF}.Release|Any CPU.Build.0 = Release|Any CPU
		{FD03A4BC-DD4C-48A6-858C-8C5E2BA240CF}.Release|x64.ActiveCfg = Release|Any CPU
		{FD03A4BC-DD4C-48A6-858C-8C5E2BA240CF}.Release|x64.Build.0 = Release|Any CPU
		{FD03A4BC-DD4C-48A6-858C-8C5E2BA240CF}.Release|x86.ActiveCfg = Release|Any CPU
		{FD03A4BC-DD4C-48A6-858C-8C5E2BA240CF}.Release|x86.Build.0 = Release|Any CPU
		{21AA9173-D605-400C-9FA0-0489FC45A085}.Debug|Any CPU.ActiveCfg = Debug|Any CPU
		{21AA9173-D605-400C-9FA0-0489FC45A085}.Debug|Any CPU.Build.0 = Debug|Any CPU
		{21AA9173-D605-400C-9FA0-0489FC45A085}.Debug|x64.ActiveCfg = Debug|Any CPU
		{21AA9173-D605-400C-9FA0-0489FC45A085}.Debug|x64.Build.0 = Debug|Any CPU
		{21AA9173-D605-400C-9FA0-0489FC45A085}.Debug|x86.ActiveCfg = Debug|Any CPU
		{21AA9173-D605-400C-9FA0-0489FC45A085}.Debug|x86.Build.0 = Debug|Any CPU
		{21AA9173-D605-400C-9FA0-0489FC45A085}.Release|Any CPU.ActiveCfg = Release|Any CPU
		{21AA9173-D605-400C-9FA0-0489FC45A085}.Release|Any CPU.Build.0 = Release|Any CPU
		{21AA9173-D605-400C-9FA0-0489FC45A085}.Release|x64.ActiveCfg = Release|Any CPU
		{21AA9173-D605-400C-9FA0-0489FC45A085}.Release|x64.Build.0 = Release|Any CPU
		{21AA9173-D605-400C-9FA0-0489FC45A085}.Release|x86.ActiveCfg = Release|Any CPU
		{21AA9173-D605-400C-9FA0-0489FC45A085}.Release|x86.Build.0 = Release|Any CPU
		{47D5A891-E265-41F0-BC4D-5FB5CB5CB614}.Debug|Any CPU.ActiveCfg = Debug|Any CPU
		{47D5A891-E265-41F0-BC4D-5FB5CB5CB614}.Debug|Any CPU.Build.0 = Debug|Any CPU
		{47D5A891-E265-41F0-BC4D-5FB5CB5CB614}.Debug|x64.ActiveCfg = Debug|Any CPU
		{47D5A891-E265-41F0-BC4D-5FB5CB5CB614}.Debug|x64.Build.0 = Debug|Any CPU
		{47D5A891-E265-41F0-BC4D-5FB5CB5CB614}.Debug|x86.ActiveCfg = Debug|Any CPU
		{47D5A891-E265-41F0-BC4D-5FB5CB5CB614}.Debug|x86.Build.0 = Debug|Any CPU
		{47D5A891-E265-41F0-BC4D-5FB5CB5CB614}.Release|Any CPU.ActiveCfg = Release|Any CPU
		{47D5A891-E265-41F0-BC4D-5FB5CB5CB614}.Release|Any CPU.Build.0 = Release|Any CPU
		{47D5A891-E265-41F0-BC4D-5FB5CB5CB614}.Release|x64.ActiveCfg = Release|Any CPU
		{47D5A891-E265-41F0-BC4D-5FB5CB5CB614}.Release|x64.Build.0 = Release|Any CPU
		{47D5A891-E265-41F0-BC4D-5FB5CB5CB614}.Release|x86.ActiveCfg = Release|Any CPU
		{47D5A891-E265-41F0-BC4D-5FB5CB5CB614}.Release|x86.Build.0 = Release|Any CPU
		{91FB7B2B-A856-4E83-AFF8-35977A3A2A4A}.Debug|Any CPU.ActiveCfg = Debug|Any CPU
		{91FB7B2B-A856-4E83-AFF8-35977A3A2A4A}.Debug|Any CPU.Build.0 = Debug|Any CPU
		{91FB7B2B-A856-4E83-AFF8-35977A3A2A4A}.Debug|x64.ActiveCfg = Debug|Any CPU
		{91FB7B2B-A856-4E83-AFF8-35977A3A2A4A}.Debug|x64.Build.0 = Debug|Any CPU
		{91FB7B2B-A856-4E83-AFF8-35977A3A2A4A}.Debug|x86.ActiveCfg = Debug|Any CPU
		{91FB7B2B-A856-4E83-AFF8-35977A3A2A4A}.Debug|x86.Build.0 = Debug|Any CPU
		{91FB7B2B-A856-4E83-AFF8-35977A3A2A4A}.Release|Any CPU.ActiveCfg = Release|Any CPU
		{91FB7B2B-A856-4E83-AFF8-35977A3A2A4A}.Release|Any CPU.Build.0 = Release|Any CPU
		{91FB7B2B-A856-4E83-AFF8-35977A3A2A4A}.Release|x64.ActiveCfg = Release|Any CPU
		{91FB7B2B-A856-4E83-AFF8-35977A3A2A4A}.Release|x64.Build.0 = Release|Any CPU
		{91FB7B2B-A856-4E83-AFF8-35977A3A2A4A}.Release|x86.ActiveCfg = Release|Any CPU
		{91FB7B2B-A856-4E83-AFF8-35977A3A2A4A}.Release|x86.Build.0 = Release|Any CPU
		{FB080938-238A-4B98-99E8-E3EB4B608138}.Debug|Any CPU.ActiveCfg = Debug|Any CPU
		{FB080938-238A-4B98-99E8-E3EB4B608138}.Debug|Any CPU.Build.0 = Debug|Any CPU
		{FB080938-238A-4B98-99E8-E3EB4B608138}.Debug|x64.ActiveCfg = Debug|Any CPU
		{FB080938-238A-4B98-99E8-E3EB4B608138}.Debug|x64.Build.0 = Debug|Any CPU
		{FB080938-238A-4B98-99E8-E3EB4B608138}.Debug|x86.ActiveCfg = Debug|Any CPU
		{FB080938-238A-4B98-99E8-E3EB4B608138}.Debug|x86.Build.0 = Debug|Any CPU
		{FB080938-238A-4B98-99E8-E3EB4B608138}.Release|Any CPU.ActiveCfg = Release|Any CPU
		{FB080938-238A-4B98-99E8-E3EB4B608138}.Release|Any CPU.Build.0 = Release|Any CPU
		{FB080938-238A-4B98-99E8-E3EB4B608138}.Release|x64.ActiveCfg = Release|Any CPU
		{FB080938-238A-4B98-99E8-E3EB4B608138}.Release|x64.Build.0 = Release|Any CPU
		{FB080938-238A-4B98-99E8-E3EB4B608138}.Release|x86.ActiveCfg = Release|Any CPU
		{FB080938-238A-4B98-99E8-E3EB4B608138}.Release|x86.Build.0 = Release|Any CPU
		{D7DB0939-D81E-478C-B49E-D73D3F367B05}.Debug|Any CPU.ActiveCfg = Debug|Any CPU
		{D7DB0939-D81E-478C-B49E-D73D3F367B05}.Debug|Any CPU.Build.0 = Debug|Any CPU
		{D7DB0939-D81E-478C-B49E-D73D3F367B05}.Debug|x64.ActiveCfg = Debug|Any CPU
		{D7DB0939-D81E-478C-B49E-D73D3F367B05}.Debug|x64.Build.0 = Debug|Any CPU
		{D7DB0939-D81E-478C-B49E-D73D3F367B05}.Debug|x86.ActiveCfg = Debug|Any CPU
		{D7DB0939-D81E-478C-B49E-D73D3F367B05}.Debug|x86.Build.0 = Debug|Any CPU
		{D7DB0939-D81E-478C-B49E-D73D3F367B05}.Release|Any CPU.ActiveCfg = Release|Any CPU
		{D7DB0939-D81E-478C-B49E-D73D3F367B05}.Release|Any CPU.Build.0 = Release|Any CPU
		{D7DB0939-D81E-478C-B49E-D73D3F367B05}.Release|x64.ActiveCfg = Release|Any CPU
		{D7DB0939-D81E-478C-B49E-D73D3F367B05}.Release|x64.Build.0 = Release|Any CPU
		{D7DB0939-D81E-478C-B49E-D73D3F367B05}.Release|x86.ActiveCfg = Release|Any CPU
		{D7DB0939-D81E-478C-B49E-D73D3F367B05}.Release|x86.Build.0 = Release|Any CPU
		{DF5F6198-4032-443A-A7EB-EC592A11B0C9}.Debug|Any CPU.ActiveCfg = Debug|Any CPU
		{DF5F6198-4032-443A-A7EB-EC592A11B0C9}.Debug|Any CPU.Build.0 = Debug|Any CPU
		{DF5F6198-4032-443A-A7EB-EC592A11B0C9}.Debug|x64.ActiveCfg = Debug|Any CPU
		{DF5F6198-4032-443A-A7EB-EC592A11B0C9}.Debug|x64.Build.0 = Debug|Any CPU
		{DF5F6198-4032-443A-A7EB-EC592A11B0C9}.Debug|x86.ActiveCfg = Debug|Any CPU
		{DF5F6198-4032-443A-A7EB-EC592A11B0C9}.Debug|x86.Build.0 = Debug|Any CPU
		{DF5F6198-4032-443A-A7EB-EC592A11B0C9}.Release|Any CPU.ActiveCfg = Release|Any CPU
		{DF5F6198-4032-443A-A7EB-EC592A11B0C9}.Release|Any CPU.Build.0 = Release|Any CPU
		{DF5F6198-4032-443A-A7EB-EC592A11B0C9}.Release|x64.ActiveCfg = Release|Any CPU
		{DF5F6198-4032-443A-A7EB-EC592A11B0C9}.Release|x64.Build.0 = Release|Any CPU
		{DF5F6198-4032-443A-A7EB-EC592A11B0C9}.Release|x86.ActiveCfg = Release|Any CPU
		{DF5F6198-4032-443A-A7EB-EC592A11B0C9}.Release|x86.Build.0 = Release|Any CPU
		{C3949236-996A-4DE0-B50A-A624104489CC}.Debug|Any CPU.ActiveCfg = Debug|Any CPU
		{C3949236-996A-4DE0-B50A-A624104489CC}.Debug|Any CPU.Build.0 = Debug|Any CPU
		{C3949236-996A-4DE0-B50A-A624104489CC}.Debug|x64.ActiveCfg = Debug|Any CPU
		{C3949236-996A-4DE0-B50A-A624104489CC}.Debug|x64.Build.0 = Debug|Any CPU
		{C3949236-996A-4DE0-B50A-A624104489CC}.Debug|x86.ActiveCfg = Debug|Any CPU
		{C3949236-996A-4DE0-B50A-A624104489CC}.Debug|x86.Build.0 = Debug|Any CPU
		{C3949236-996A-4DE0-B50A-A624104489CC}.Release|Any CPU.ActiveCfg = Release|Any CPU
		{C3949236-996A-4DE0-B50A-A624104489CC}.Release|Any CPU.Build.0 = Release|Any CPU
		{C3949236-996A-4DE0-B50A-A624104489CC}.Release|x64.ActiveCfg = Release|Any CPU
		{C3949236-996A-4DE0-B50A-A624104489CC}.Release|x64.Build.0 = Release|Any CPU
		{C3949236-996A-4DE0-B50A-A624104489CC}.Release|x86.ActiveCfg = Release|Any CPU
		{C3949236-996A-4DE0-B50A-A624104489CC}.Release|x86.Build.0 = Release|Any CPU
		{F5801A6F-C879-40C3-B331-1FA2A1FC00FD}.Debug|Any CPU.ActiveCfg = Debug|Any CPU
		{F5801A6F-C879-40C3-B331-1FA2A1FC00FD}.Debug|Any CPU.Build.0 = Debug|Any CPU
		{F5801A6F-C879-40C3-B331-1FA2A1FC00FD}.Debug|x64.ActiveCfg = Debug|Any CPU
		{F5801A6F-C879-40C3-B331-1FA2A1FC00FD}.Debug|x64.Build.0 = Debug|Any CPU
		{F5801A6F-C879-40C3-B331-1FA2A1FC00FD}.Debug|x86.ActiveCfg = Debug|Any CPU
		{F5801A6F-C879-40C3-B331-1FA2A1FC00FD}.Debug|x86.Build.0 = Debug|Any CPU
		{F5801A6F-C879-40C3-B331-1FA2A1FC00FD}.Release|Any CPU.ActiveCfg = Release|Any CPU
		{F5801A6F-C879-40C3-B331-1FA2A1FC00FD}.Release|Any CPU.Build.0 = Release|Any CPU
		{F5801A6F-C879-40C3-B331-1FA2A1FC00FD}.Release|x64.ActiveCfg = Release|Any CPU
		{F5801A6F-C879-40C3-B331-1FA2A1FC00FD}.Release|x64.Build.0 = Release|Any CPU
		{F5801A6F-C879-40C3-B331-1FA2A1FC00FD}.Release|x86.ActiveCfg = Release|Any CPU
		{F5801A6F-C879-40C3-B331-1FA2A1FC00FD}.Release|x86.Build.0 = Release|Any CPU
		{B4296F75-46FD-4907-9E39-7D12EA5EDDCE}.Debug|Any CPU.ActiveCfg = Debug|Any CPU
		{B4296F75-46FD-4907-9E39-7D12EA5EDDCE}.Debug|Any CPU.Build.0 = Debug|Any CPU
		{B4296F75-46FD-4907-9E39-7D12EA5EDDCE}.Debug|x64.ActiveCfg = Debug|Any CPU
		{B4296F75-46FD-4907-9E39-7D12EA5EDDCE}.Debug|x64.Build.0 = Debug|Any CPU
		{B4296F75-46FD-4907-9E39-7D12EA5EDDCE}.Debug|x86.ActiveCfg = Debug|Any CPU
		{B4296F75-46FD-4907-9E39-7D12EA5EDDCE}.Debug|x86.Build.0 = Debug|Any CPU
		{B4296F75-46FD-4907-9E39-7D12EA5EDDCE}.Release|Any CPU.ActiveCfg = Release|Any CPU
		{B4296F75-46FD-4907-9E39-7D12EA5EDDCE}.Release|Any CPU.Build.0 = Release|Any CPU
		{B4296F75-46FD-4907-9E39-7D12EA5EDDCE}.Release|x64.ActiveCfg = Release|Any CPU
		{B4296F75-46FD-4907-9E39-7D12EA5EDDCE}.Release|x64.Build.0 = Release|Any CPU
		{B4296F75-46FD-4907-9E39-7D12EA5EDDCE}.Release|x86.ActiveCfg = Release|Any CPU
		{B4296F75-46FD-4907-9E39-7D12EA5EDDCE}.Release|x86.Build.0 = Release|Any CPU
		{770CE5E9-78F1-4B77-8ED1-BDADA20DBDD4}.Debug|Any CPU.ActiveCfg = Debug|Any CPU
		{770CE5E9-78F1-4B77-8ED1-BDADA20DBDD4}.Debug|Any CPU.Build.0 = Debug|Any CPU
		{770CE5E9-78F1-4B77-8ED1-BDADA20DBDD4}.Debug|x64.ActiveCfg = Debug|Any CPU
		{770CE5E9-78F1-4B77-8ED1-BDADA20DBDD4}.Debug|x64.Build.0 = Debug|Any CPU
		{770CE5E9-78F1-4B77-8ED1-BDADA20DBDD4}.Debug|x86.ActiveCfg = Debug|Any CPU
		{770CE5E9-78F1-4B77-8ED1-BDADA20DBDD4}.Debug|x86.Build.0 = Debug|Any CPU
		{770CE5E9-78F1-4B77-8ED1-BDADA20DBDD4}.Release|Any CPU.ActiveCfg = Release|Any CPU
		{770CE5E9-78F1-4B77-8ED1-BDADA20DBDD4}.Release|Any CPU.Build.0 = Release|Any CPU
		{770CE5E9-78F1-4B77-8ED1-BDADA20DBDD4}.Release|x64.ActiveCfg = Release|Any CPU
		{770CE5E9-78F1-4B77-8ED1-BDADA20DBDD4}.Release|x64.Build.0 = Release|Any CPU
		{770CE5E9-78F1-4B77-8ED1-BDADA20DBDD4}.Release|x86.ActiveCfg = Release|Any CPU
		{770CE5E9-78F1-4B77-8ED1-BDADA20DBDD4}.Release|x86.Build.0 = Release|Any CPU
		{D67BF185-239F-4895-96FB-1E55C079483A}.Debug|Any CPU.ActiveCfg = Debug|Any CPU
		{D67BF185-239F-4895-96FB-1E55C079483A}.Debug|Any CPU.Build.0 = Debug|Any CPU
		{D67BF185-239F-4895-96FB-1E55C079483A}.Debug|x64.ActiveCfg = Debug|Any CPU
		{D67BF185-239F-4895-96FB-1E55C079483A}.Debug|x64.Build.0 = Debug|Any CPU
		{D67BF185-239F-4895-96FB-1E55C079483A}.Debug|x86.ActiveCfg = Debug|Any CPU
		{D67BF185-239F-4895-96FB-1E55C079483A}.Debug|x86.Build.0 = Debug|Any CPU
		{D67BF185-239F-4895-96FB-1E55C079483A}.Release|Any CPU.ActiveCfg = Release|Any CPU
		{D67BF185-239F-4895-96FB-1E55C079483A}.Release|Any CPU.Build.0 = Release|Any CPU
		{D67BF185-239F-4895-96FB-1E55C079483A}.Release|x64.ActiveCfg = Release|Any CPU
		{D67BF185-239F-4895-96FB-1E55C079483A}.Release|x64.Build.0 = Release|Any CPU
		{D67BF185-239F-4895-96FB-1E55C079483A}.Release|x86.ActiveCfg = Release|Any CPU
		{D67BF185-239F-4895-96FB-1E55C079483A}.Release|x86.Build.0 = Release|Any CPU
		{1A38017D-83A3-4522-8613-BB1F7115CC98}.Debug|Any CPU.ActiveCfg = Debug|Any CPU
		{1A38017D-83A3-4522-8613-BB1F7115CC98}.Debug|Any CPU.Build.0 = Debug|Any CPU
		{1A38017D-83A3-4522-8613-BB1F7115CC98}.Debug|x64.ActiveCfg = Debug|Any CPU
		{1A38017D-83A3-4522-8613-BB1F7115CC98}.Debug|x64.Build.0 = Debug|Any CPU
		{1A38017D-83A3-4522-8613-BB1F7115CC98}.Debug|x86.ActiveCfg = Debug|Any CPU
		{1A38017D-83A3-4522-8613-BB1F7115CC98}.Debug|x86.Build.0 = Debug|Any CPU
		{1A38017D-83A3-4522-8613-BB1F7115CC98}.Release|Any CPU.ActiveCfg = Release|Any CPU
		{1A38017D-83A3-4522-8613-BB1F7115CC98}.Release|Any CPU.Build.0 = Release|Any CPU
		{1A38017D-83A3-4522-8613-BB1F7115CC98}.Release|x64.ActiveCfg = Release|Any CPU
		{1A38017D-83A3-4522-8613-BB1F7115CC98}.Release|x64.Build.0 = Release|Any CPU
		{1A38017D-83A3-4522-8613-BB1F7115CC98}.Release|x86.ActiveCfg = Release|Any CPU
		{1A38017D-83A3-4522-8613-BB1F7115CC98}.Release|x86.Build.0 = Release|Any CPU
		{CE5AFABC-7AB4-4F5A-8604-2C3D101D35F7}.Debug|Any CPU.ActiveCfg = Debug|Any CPU
		{CE5AFABC-7AB4-4F5A-8604-2C3D101D35F7}.Debug|Any CPU.Build.0 = Debug|Any CPU
		{CE5AFABC-7AB4-4F5A-8604-2C3D101D35F7}.Debug|x64.ActiveCfg = Debug|Any CPU
		{CE5AFABC-7AB4-4F5A-8604-2C3D101D35F7}.Debug|x64.Build.0 = Debug|Any CPU
		{CE5AFABC-7AB4-4F5A-8604-2C3D101D35F7}.Debug|x86.ActiveCfg = Debug|Any CPU
		{CE5AFABC-7AB4-4F5A-8604-2C3D101D35F7}.Debug|x86.Build.0 = Debug|Any CPU
		{CE5AFABC-7AB4-4F5A-8604-2C3D101D35F7}.Release|Any CPU.ActiveCfg = Release|Any CPU
		{CE5AFABC-7AB4-4F5A-8604-2C3D101D35F7}.Release|Any CPU.Build.0 = Release|Any CPU
		{CE5AFABC-7AB4-4F5A-8604-2C3D101D35F7}.Release|x64.ActiveCfg = Release|Any CPU
		{CE5AFABC-7AB4-4F5A-8604-2C3D101D35F7}.Release|x64.Build.0 = Release|Any CPU
		{CE5AFABC-7AB4-4F5A-8604-2C3D101D35F7}.Release|x86.ActiveCfg = Release|Any CPU
		{CE5AFABC-7AB4-4F5A-8604-2C3D101D35F7}.Release|x86.Build.0 = Release|Any CPU
		{0EE013A8-26E4-4A24-991B-706DE64768BB}.Debug|Any CPU.ActiveCfg = Debug|Any CPU
		{0EE013A8-26E4-4A24-991B-706DE64768BB}.Debug|Any CPU.Build.0 = Debug|Any CPU
		{0EE013A8-26E4-4A24-991B-706DE64768BB}.Debug|x64.ActiveCfg = Debug|Any CPU
		{0EE013A8-26E4-4A24-991B-706DE64768BB}.Debug|x64.Build.0 = Debug|Any CPU
		{0EE013A8-26E4-4A24-991B-706DE64768BB}.Debug|x86.ActiveCfg = Debug|Any CPU
		{0EE013A8-26E4-4A24-991B-706DE64768BB}.Debug|x86.Build.0 = Debug|Any CPU
		{0EE013A8-26E4-4A24-991B-706DE64768BB}.Release|Any CPU.ActiveCfg = Release|Any CPU
		{0EE013A8-26E4-4A24-991B-706DE64768BB}.Release|Any CPU.Build.0 = Release|Any CPU
		{0EE013A8-26E4-4A24-991B-706DE64768BB}.Release|x64.ActiveCfg = Release|Any CPU
		{0EE013A8-26E4-4A24-991B-706DE64768BB}.Release|x64.Build.0 = Release|Any CPU
		{0EE013A8-26E4-4A24-991B-706DE64768BB}.Release|x86.ActiveCfg = Release|Any CPU
		{0EE013A8-26E4-4A24-991B-706DE64768BB}.Release|x86.Build.0 = Release|Any CPU
		{BD3984AC-9808-4DCB-805C-68274169C697}.Debug|Any CPU.ActiveCfg = Debug|Any CPU
		{BD3984AC-9808-4DCB-805C-68274169C697}.Debug|Any CPU.Build.0 = Debug|Any CPU
		{BD3984AC-9808-4DCB-805C-68274169C697}.Debug|x64.ActiveCfg = Debug|Any CPU
		{BD3984AC-9808-4DCB-805C-68274169C697}.Debug|x64.Build.0 = Debug|Any CPU
		{BD3984AC-9808-4DCB-805C-68274169C697}.Debug|x86.ActiveCfg = Debug|Any CPU
		{BD3984AC-9808-4DCB-805C-68274169C697}.Debug|x86.Build.0 = Debug|Any CPU
		{BD3984AC-9808-4DCB-805C-68274169C697}.Release|Any CPU.ActiveCfg = Release|Any CPU
		{BD3984AC-9808-4DCB-805C-68274169C697}.Release|Any CPU.Build.0 = Release|Any CPU
		{BD3984AC-9808-4DCB-805C-68274169C697}.Release|x64.ActiveCfg = Release|Any CPU
		{BD3984AC-9808-4DCB-805C-68274169C697}.Release|x64.Build.0 = Release|Any CPU
		{BD3984AC-9808-4DCB-805C-68274169C697}.Release|x86.ActiveCfg = Release|Any CPU
		{BD3984AC-9808-4DCB-805C-68274169C697}.Release|x86.Build.0 = Release|Any CPU
		{5ABA2526-DA6E-4697-8294-38EA639EF3D1}.Debug|Any CPU.ActiveCfg = Debug|Any CPU
		{5ABA2526-DA6E-4697-8294-38EA639EF3D1}.Debug|Any CPU.Build.0 = Debug|Any CPU
		{5ABA2526-DA6E-4697-8294-38EA639EF3D1}.Debug|x64.ActiveCfg = Debug|Any CPU
		{5ABA2526-DA6E-4697-8294-38EA639EF3D1}.Debug|x64.Build.0 = Debug|Any CPU
		{5ABA2526-DA6E-4697-8294-38EA639EF3D1}.Debug|x86.ActiveCfg = Debug|Any CPU
		{5ABA2526-DA6E-4697-8294-38EA639EF3D1}.Debug|x86.Build.0 = Debug|Any CPU
		{5ABA2526-DA6E-4697-8294-38EA639EF3D1}.Release|Any CPU.ActiveCfg = Release|Any CPU
		{5ABA2526-DA6E-4697-8294-38EA639EF3D1}.Release|Any CPU.Build.0 = Release|Any CPU
		{5ABA2526-DA6E-4697-8294-38EA639EF3D1}.Release|x64.ActiveCfg = Release|Any CPU
		{5ABA2526-DA6E-4697-8294-38EA639EF3D1}.Release|x64.Build.0 = Release|Any CPU
		{5ABA2526-DA6E-4697-8294-38EA639EF3D1}.Release|x86.ActiveCfg = Release|Any CPU
		{5ABA2526-DA6E-4697-8294-38EA639EF3D1}.Release|x86.Build.0 = Release|Any CPU
		{8DEAC801-3223-4092-A6B0-021A6CAE8874}.Debug|Any CPU.ActiveCfg = Debug|Any CPU
		{8DEAC801-3223-4092-A6B0-021A6CAE8874}.Debug|Any CPU.Build.0 = Debug|Any CPU
		{8DEAC801-3223-4092-A6B0-021A6CAE8874}.Debug|x64.ActiveCfg = Debug|Any CPU
		{8DEAC801-3223-4092-A6B0-021A6CAE8874}.Debug|x64.Build.0 = Debug|Any CPU
		{8DEAC801-3223-4092-A6B0-021A6CAE8874}.Debug|x86.ActiveCfg = Debug|Any CPU
		{8DEAC801-3223-4092-A6B0-021A6CAE8874}.Debug|x86.Build.0 = Debug|Any CPU
		{8DEAC801-3223-4092-A6B0-021A6CAE8874}.Release|Any CPU.ActiveCfg = Release|Any CPU
		{8DEAC801-3223-4092-A6B0-021A6CAE8874}.Release|Any CPU.Build.0 = Release|Any CPU
		{8DEAC801-3223-4092-A6B0-021A6CAE8874}.Release|x64.ActiveCfg = Release|Any CPU
		{8DEAC801-3223-4092-A6B0-021A6CAE8874}.Release|x64.Build.0 = Release|Any CPU
		{8DEAC801-3223-4092-A6B0-021A6CAE8874}.Release|x86.ActiveCfg = Release|Any CPU
		{8DEAC801-3223-4092-A6B0-021A6CAE8874}.Release|x86.Build.0 = Release|Any CPU
		{02892BFE-E736-4B8C-9026-74D806C5E341}.Debug|Any CPU.ActiveCfg = Debug|Any CPU
		{02892BFE-E736-4B8C-9026-74D806C5E341}.Debug|Any CPU.Build.0 = Debug|Any CPU
		{02892BFE-E736-4B8C-9026-74D806C5E341}.Debug|x64.ActiveCfg = Debug|Any CPU
		{02892BFE-E736-4B8C-9026-74D806C5E341}.Debug|x64.Build.0 = Debug|Any CPU
		{02892BFE-E736-4B8C-9026-74D806C5E341}.Debug|x86.ActiveCfg = Debug|Any CPU
		{02892BFE-E736-4B8C-9026-74D806C5E341}.Debug|x86.Build.0 = Debug|Any CPU
		{02892BFE-E736-4B8C-9026-74D806C5E341}.Release|Any CPU.ActiveCfg = Release|Any CPU
		{02892BFE-E736-4B8C-9026-74D806C5E341}.Release|Any CPU.Build.0 = Release|Any CPU
		{02892BFE-E736-4B8C-9026-74D806C5E341}.Release|x64.ActiveCfg = Release|Any CPU
		{02892BFE-E736-4B8C-9026-74D806C5E341}.Release|x64.Build.0 = Release|Any CPU
		{02892BFE-E736-4B8C-9026-74D806C5E341}.Release|x86.ActiveCfg = Release|Any CPU
		{02892BFE-E736-4B8C-9026-74D806C5E341}.Release|x86.Build.0 = Release|Any CPU
		{3AC8C185-A568-4C14-B521-EFF540F987AD}.Debug|Any CPU.ActiveCfg = Debug|Any CPU
		{3AC8C185-A568-4C14-B521-EFF540F987AD}.Debug|Any CPU.Build.0 = Debug|Any CPU
		{3AC8C185-A568-4C14-B521-EFF540F987AD}.Debug|x64.ActiveCfg = Debug|Any CPU
		{3AC8C185-A568-4C14-B521-EFF540F987AD}.Debug|x64.Build.0 = Debug|Any CPU
		{3AC8C185-A568-4C14-B521-EFF540F987AD}.Debug|x86.ActiveCfg = Debug|Any CPU
		{3AC8C185-A568-4C14-B521-EFF540F987AD}.Debug|x86.Build.0 = Debug|Any CPU
		{3AC8C185-A568-4C14-B521-EFF540F987AD}.Release|Any CPU.ActiveCfg = Release|Any CPU
		{3AC8C185-A568-4C14-B521-EFF540F987AD}.Release|Any CPU.Build.0 = Release|Any CPU
		{3AC8C185-A568-4C14-B521-EFF540F987AD}.Release|x64.ActiveCfg = Release|Any CPU
		{3AC8C185-A568-4C14-B521-EFF540F987AD}.Release|x64.Build.0 = Release|Any CPU
		{3AC8C185-A568-4C14-B521-EFF540F987AD}.Release|x86.ActiveCfg = Release|Any CPU
		{3AC8C185-A568-4C14-B521-EFF540F987AD}.Release|x86.Build.0 = Release|Any CPU
		{86A7CB36-A532-4B47-835F-8C8B2E1AD97C}.Debug|Any CPU.ActiveCfg = Debug|Any CPU
		{86A7CB36-A532-4B47-835F-8C8B2E1AD97C}.Debug|Any CPU.Build.0 = Debug|Any CPU
		{86A7CB36-A532-4B47-835F-8C8B2E1AD97C}.Debug|x64.ActiveCfg = Debug|Any CPU
		{86A7CB36-A532-4B47-835F-8C8B2E1AD97C}.Debug|x64.Build.0 = Debug|Any CPU
		{86A7CB36-A532-4B47-835F-8C8B2E1AD97C}.Debug|x86.ActiveCfg = Debug|Any CPU
		{86A7CB36-A532-4B47-835F-8C8B2E1AD97C}.Debug|x86.Build.0 = Debug|Any CPU
		{86A7CB36-A532-4B47-835F-8C8B2E1AD97C}.Release|Any CPU.ActiveCfg = Release|Any CPU
		{86A7CB36-A532-4B47-835F-8C8B2E1AD97C}.Release|Any CPU.Build.0 = Release|Any CPU
		{86A7CB36-A532-4B47-835F-8C8B2E1AD97C}.Release|x64.ActiveCfg = Release|Any CPU
		{86A7CB36-A532-4B47-835F-8C8B2E1AD97C}.Release|x64.Build.0 = Release|Any CPU
		{86A7CB36-A532-4B47-835F-8C8B2E1AD97C}.Release|x86.ActiveCfg = Release|Any CPU
		{86A7CB36-A532-4B47-835F-8C8B2E1AD97C}.Release|x86.Build.0 = Release|Any CPU
		{0D446C46-886A-419B-BBCA-8484316603CE}.Debug|Any CPU.ActiveCfg = Debug|Any CPU
		{0D446C46-886A-419B-BBCA-8484316603CE}.Debug|Any CPU.Build.0 = Debug|Any CPU
		{0D446C46-886A-419B-BBCA-8484316603CE}.Debug|x64.ActiveCfg = Debug|Any CPU
		{0D446C46-886A-419B-BBCA-8484316603CE}.Debug|x64.Build.0 = Debug|Any CPU
		{0D446C46-886A-419B-BBCA-8484316603CE}.Debug|x86.ActiveCfg = Debug|Any CPU
		{0D446C46-886A-419B-BBCA-8484316603CE}.Debug|x86.Build.0 = Debug|Any CPU
		{0D446C46-886A-419B-BBCA-8484316603CE}.Release|Any CPU.ActiveCfg = Release|Any CPU
		{0D446C46-886A-419B-BBCA-8484316603CE}.Release|Any CPU.Build.0 = Release|Any CPU
		{0D446C46-886A-419B-BBCA-8484316603CE}.Release|x64.ActiveCfg = Release|Any CPU
		{0D446C46-886A-419B-BBCA-8484316603CE}.Release|x64.Build.0 = Release|Any CPU
		{0D446C46-886A-419B-BBCA-8484316603CE}.Release|x86.ActiveCfg = Release|Any CPU
		{0D446C46-886A-419B-BBCA-8484316603CE}.Release|x86.Build.0 = Release|Any CPU
		{14862ACD-C55C-4226-932E-5F94F458FF81}.Debug|Any CPU.ActiveCfg = Debug|Any CPU
		{14862ACD-C55C-4226-932E-5F94F458FF81}.Debug|Any CPU.Build.0 = Debug|Any CPU
		{14862ACD-C55C-4226-932E-5F94F458FF81}.Debug|x64.ActiveCfg = Debug|Any CPU
		{14862ACD-C55C-4226-932E-5F94F458FF81}.Debug|x64.Build.0 = Debug|Any CPU
		{14862ACD-C55C-4226-932E-5F94F458FF81}.Debug|x86.ActiveCfg = Debug|Any CPU
		{14862ACD-C55C-4226-932E-5F94F458FF81}.Debug|x86.Build.0 = Debug|Any CPU
		{14862ACD-C55C-4226-932E-5F94F458FF81}.Release|Any CPU.ActiveCfg = Release|Any CPU
		{14862ACD-C55C-4226-932E-5F94F458FF81}.Release|Any CPU.Build.0 = Release|Any CPU
		{14862ACD-C55C-4226-932E-5F94F458FF81}.Release|x64.ActiveCfg = Release|Any CPU
		{14862ACD-C55C-4226-932E-5F94F458FF81}.Release|x64.Build.0 = Release|Any CPU
		{14862ACD-C55C-4226-932E-5F94F458FF81}.Release|x86.ActiveCfg = Release|Any CPU
		{14862ACD-C55C-4226-932E-5F94F458FF81}.Release|x86.Build.0 = Release|Any CPU
		{1F88F4F3-8536-43AE-9FD2-9B04C3D6FFCB}.Debug|Any CPU.ActiveCfg = Debug|Any CPU
		{1F88F4F3-8536-43AE-9FD2-9B04C3D6FFCB}.Debug|Any CPU.Build.0 = Debug|Any CPU
		{1F88F4F3-8536-43AE-9FD2-9B04C3D6FFCB}.Debug|x64.ActiveCfg = Debug|Any CPU
		{1F88F4F3-8536-43AE-9FD2-9B04C3D6FFCB}.Debug|x64.Build.0 = Debug|Any CPU
		{1F88F4F3-8536-43AE-9FD2-9B04C3D6FFCB}.Debug|x86.ActiveCfg = Debug|Any CPU
		{1F88F4F3-8536-43AE-9FD2-9B04C3D6FFCB}.Debug|x86.Build.0 = Debug|Any CPU
		{1F88F4F3-8536-43AE-9FD2-9B04C3D6FFCB}.Release|Any CPU.ActiveCfg = Release|Any CPU
		{1F88F4F3-8536-43AE-9FD2-9B04C3D6FFCB}.Release|Any CPU.Build.0 = Release|Any CPU
		{1F88F4F3-8536-43AE-9FD2-9B04C3D6FFCB}.Release|x64.ActiveCfg = Release|Any CPU
		{1F88F4F3-8536-43AE-9FD2-9B04C3D6FFCB}.Release|x64.Build.0 = Release|Any CPU
		{1F88F4F3-8536-43AE-9FD2-9B04C3D6FFCB}.Release|x86.ActiveCfg = Release|Any CPU
		{1F88F4F3-8536-43AE-9FD2-9B04C3D6FFCB}.Release|x86.Build.0 = Release|Any CPU
		{AA08FE9C-D45C-40D2-A13E-CE8B011C0674}.Debug|Any CPU.ActiveCfg = Debug|Any CPU
		{AA08FE9C-D45C-40D2-A13E-CE8B011C0674}.Debug|Any CPU.Build.0 = Debug|Any CPU
		{AA08FE9C-D45C-40D2-A13E-CE8B011C0674}.Debug|x64.ActiveCfg = Debug|Any CPU
		{AA08FE9C-D45C-40D2-A13E-CE8B011C0674}.Debug|x64.Build.0 = Debug|Any CPU
		{AA08FE9C-D45C-40D2-A13E-CE8B011C0674}.Debug|x86.ActiveCfg = Debug|Any CPU
		{AA08FE9C-D45C-40D2-A13E-CE8B011C0674}.Debug|x86.Build.0 = Debug|Any CPU
		{AA08FE9C-D45C-40D2-A13E-CE8B011C0674}.Release|Any CPU.ActiveCfg = Release|Any CPU
		{AA08FE9C-D45C-40D2-A13E-CE8B011C0674}.Release|Any CPU.Build.0 = Release|Any CPU
		{AA08FE9C-D45C-40D2-A13E-CE8B011C0674}.Release|x64.ActiveCfg = Release|Any CPU
		{AA08FE9C-D45C-40D2-A13E-CE8B011C0674}.Release|x64.Build.0 = Release|Any CPU
		{AA08FE9C-D45C-40D2-A13E-CE8B011C0674}.Release|x86.ActiveCfg = Release|Any CPU
		{AA08FE9C-D45C-40D2-A13E-CE8B011C0674}.Release|x86.Build.0 = Release|Any CPU
		{5C98A26E-54B2-4665-8155-15A5C7741A00}.Debug|Any CPU.ActiveCfg = Debug|Any CPU
		{5C98A26E-54B2-4665-8155-15A5C7741A00}.Debug|Any CPU.Build.0 = Debug|Any CPU
		{5C98A26E-54B2-4665-8155-15A5C7741A00}.Debug|x64.ActiveCfg = Debug|Any CPU
		{5C98A26E-54B2-4665-8155-15A5C7741A00}.Debug|x64.Build.0 = Debug|Any CPU
		{5C98A26E-54B2-4665-8155-15A5C7741A00}.Debug|x86.ActiveCfg = Debug|Any CPU
		{5C98A26E-54B2-4665-8155-15A5C7741A00}.Debug|x86.Build.0 = Debug|Any CPU
		{5C98A26E-54B2-4665-8155-15A5C7741A00}.Release|Any CPU.ActiveCfg = Release|Any CPU
		{5C98A26E-54B2-4665-8155-15A5C7741A00}.Release|Any CPU.Build.0 = Release|Any CPU
		{5C98A26E-54B2-4665-8155-15A5C7741A00}.Release|x64.ActiveCfg = Release|Any CPU
		{5C98A26E-54B2-4665-8155-15A5C7741A00}.Release|x64.Build.0 = Release|Any CPU
		{5C98A26E-54B2-4665-8155-15A5C7741A00}.Release|x86.ActiveCfg = Release|Any CPU
		{5C98A26E-54B2-4665-8155-15A5C7741A00}.Release|x86.Build.0 = Release|Any CPU
		{9619BCC4-ACAF-4D58-8B21-902AE4B80A62}.Debug|Any CPU.ActiveCfg = Debug|Any CPU
		{9619BCC4-ACAF-4D58-8B21-902AE4B80A62}.Debug|Any CPU.Build.0 = Debug|Any CPU
		{9619BCC4-ACAF-4D58-8B21-902AE4B80A62}.Debug|x64.ActiveCfg = Debug|Any CPU
		{9619BCC4-ACAF-4D58-8B21-902AE4B80A62}.Debug|x64.Build.0 = Debug|Any CPU
		{9619BCC4-ACAF-4D58-8B21-902AE4B80A62}.Debug|x86.ActiveCfg = Debug|Any CPU
		{9619BCC4-ACAF-4D58-8B21-902AE4B80A62}.Debug|x86.Build.0 = Debug|Any CPU
		{9619BCC4-ACAF-4D58-8B21-902AE4B80A62}.Release|Any CPU.ActiveCfg = Release|Any CPU
		{9619BCC4-ACAF-4D58-8B21-902AE4B80A62}.Release|Any CPU.Build.0 = Release|Any CPU
		{9619BCC4-ACAF-4D58-8B21-902AE4B80A62}.Release|x64.ActiveCfg = Release|Any CPU
		{9619BCC4-ACAF-4D58-8B21-902AE4B80A62}.Release|x64.Build.0 = Release|Any CPU
		{9619BCC4-ACAF-4D58-8B21-902AE4B80A62}.Release|x86.ActiveCfg = Release|Any CPU
		{9619BCC4-ACAF-4D58-8B21-902AE4B80A62}.Release|x86.Build.0 = Release|Any CPU
		{F42D5DB8-4170-4CC7-A3F9-0AE8AF65479C}.Debug|Any CPU.ActiveCfg = Debug|Any CPU
		{F42D5DB8-4170-4CC7-A3F9-0AE8AF65479C}.Debug|Any CPU.Build.0 = Debug|Any CPU
		{F42D5DB8-4170-4CC7-A3F9-0AE8AF65479C}.Debug|x64.ActiveCfg = Debug|Any CPU
		{F42D5DB8-4170-4CC7-A3F9-0AE8AF65479C}.Debug|x64.Build.0 = Debug|Any CPU
		{F42D5DB8-4170-4CC7-A3F9-0AE8AF65479C}.Debug|x86.ActiveCfg = Debug|Any CPU
		{F42D5DB8-4170-4CC7-A3F9-0AE8AF65479C}.Debug|x86.Build.0 = Debug|Any CPU
		{F42D5DB8-4170-4CC7-A3F9-0AE8AF65479C}.Release|Any CPU.ActiveCfg = Release|Any CPU
		{F42D5DB8-4170-4CC7-A3F9-0AE8AF65479C}.Release|Any CPU.Build.0 = Release|Any CPU
		{F42D5DB8-4170-4CC7-A3F9-0AE8AF65479C}.Release|x64.ActiveCfg = Release|Any CPU
		{F42D5DB8-4170-4CC7-A3F9-0AE8AF65479C}.Release|x64.Build.0 = Release|Any CPU
		{F42D5DB8-4170-4CC7-A3F9-0AE8AF65479C}.Release|x86.ActiveCfg = Release|Any CPU
		{F42D5DB8-4170-4CC7-A3F9-0AE8AF65479C}.Release|x86.Build.0 = Release|Any CPU
		{073F588C-C4CD-4F30-BE41-F5EE1AA66EF1}.Debug|Any CPU.ActiveCfg = Debug|Any CPU
		{073F588C-C4CD-4F30-BE41-F5EE1AA66EF1}.Debug|Any CPU.Build.0 = Debug|Any CPU
		{073F588C-C4CD-4F30-BE41-F5EE1AA66EF1}.Debug|x64.ActiveCfg = Debug|Any CPU
		{073F588C-C4CD-4F30-BE41-F5EE1AA66EF1}.Debug|x64.Build.0 = Debug|Any CPU
		{073F588C-C4CD-4F30-BE41-F5EE1AA66EF1}.Debug|x86.ActiveCfg = Debug|Any CPU
		{073F588C-C4CD-4F30-BE41-F5EE1AA66EF1}.Debug|x86.Build.0 = Debug|Any CPU
		{073F588C-C4CD-4F30-BE41-F5EE1AA66EF1}.Release|Any CPU.ActiveCfg = Release|Any CPU
		{073F588C-C4CD-4F30-BE41-F5EE1AA66EF1}.Release|Any CPU.Build.0 = Release|Any CPU
		{073F588C-C4CD-4F30-BE41-F5EE1AA66EF1}.Release|x64.ActiveCfg = Release|Any CPU
		{073F588C-C4CD-4F30-BE41-F5EE1AA66EF1}.Release|x64.Build.0 = Release|Any CPU
		{073F588C-C4CD-4F30-BE41-F5EE1AA66EF1}.Release|x86.ActiveCfg = Release|Any CPU
		{073F588C-C4CD-4F30-BE41-F5EE1AA66EF1}.Release|x86.Build.0 = Release|Any CPU
		{7E497A55-C987-4157-96C1-AB6AA1B5FB16}.Debug|Any CPU.ActiveCfg = Debug|Any CPU
		{7E497A55-C987-4157-96C1-AB6AA1B5FB16}.Debug|Any CPU.Build.0 = Debug|Any CPU
		{7E497A55-C987-4157-96C1-AB6AA1B5FB16}.Debug|x64.ActiveCfg = Debug|Any CPU
		{7E497A55-C987-4157-96C1-AB6AA1B5FB16}.Debug|x64.Build.0 = Debug|Any CPU
		{7E497A55-C987-4157-96C1-AB6AA1B5FB16}.Debug|x86.ActiveCfg = Debug|Any CPU
		{7E497A55-C987-4157-96C1-AB6AA1B5FB16}.Debug|x86.Build.0 = Debug|Any CPU
		{7E497A55-C987-4157-96C1-AB6AA1B5FB16}.Release|Any CPU.ActiveCfg = Release|Any CPU
		{7E497A55-C987-4157-96C1-AB6AA1B5FB16}.Release|Any CPU.Build.0 = Release|Any CPU
		{7E497A55-C987-4157-96C1-AB6AA1B5FB16}.Release|x64.ActiveCfg = Release|Any CPU
		{7E497A55-C987-4157-96C1-AB6AA1B5FB16}.Release|x64.Build.0 = Release|Any CPU
		{7E497A55-C987-4157-96C1-AB6AA1B5FB16}.Release|x86.ActiveCfg = Release|Any CPU
		{7E497A55-C987-4157-96C1-AB6AA1B5FB16}.Release|x86.Build.0 = Release|Any CPU
		{9B46C7BC-9671-4D6F-A974-2D9EA58B5007}.Debug|Any CPU.ActiveCfg = Debug|Any CPU
		{9B46C7BC-9671-4D6F-A974-2D9EA58B5007}.Debug|Any CPU.Build.0 = Debug|Any CPU
		{9B46C7BC-9671-4D6F-A974-2D9EA58B5007}.Debug|x64.ActiveCfg = Debug|Any CPU
		{9B46C7BC-9671-4D6F-A974-2D9EA58B5007}.Debug|x64.Build.0 = Debug|Any CPU
		{9B46C7BC-9671-4D6F-A974-2D9EA58B5007}.Debug|x86.ActiveCfg = Debug|Any CPU
		{9B46C7BC-9671-4D6F-A974-2D9EA58B5007}.Debug|x86.Build.0 = Debug|Any CPU
		{9B46C7BC-9671-4D6F-A974-2D9EA58B5007}.Release|Any CPU.ActiveCfg = Release|Any CPU
		{9B46C7BC-9671-4D6F-A974-2D9EA58B5007}.Release|Any CPU.Build.0 = Release|Any CPU
		{9B46C7BC-9671-4D6F-A974-2D9EA58B5007}.Release|x64.ActiveCfg = Release|Any CPU
		{9B46C7BC-9671-4D6F-A974-2D9EA58B5007}.Release|x64.Build.0 = Release|Any CPU
		{9B46C7BC-9671-4D6F-A974-2D9EA58B5007}.Release|x86.ActiveCfg = Release|Any CPU
		{9B46C7BC-9671-4D6F-A974-2D9EA58B5007}.Release|x86.Build.0 = Release|Any CPU
		{8FC5AC26-4681-406A-B8C9-74586CED1AB3}.Debug|Any CPU.ActiveCfg = Debug|Any CPU
		{8FC5AC26-4681-406A-B8C9-74586CED1AB3}.Debug|Any CPU.Build.0 = Debug|Any CPU
		{8FC5AC26-4681-406A-B8C9-74586CED1AB3}.Debug|x64.ActiveCfg = Debug|Any CPU
		{8FC5AC26-4681-406A-B8C9-74586CED1AB3}.Debug|x64.Build.0 = Debug|Any CPU
		{8FC5AC26-4681-406A-B8C9-74586CED1AB3}.Debug|x86.ActiveCfg = Debug|Any CPU
		{8FC5AC26-4681-406A-B8C9-74586CED1AB3}.Debug|x86.Build.0 = Debug|Any CPU
		{8FC5AC26-4681-406A-B8C9-74586CED1AB3}.Release|Any CPU.ActiveCfg = Release|Any CPU
		{8FC5AC26-4681-406A-B8C9-74586CED1AB3}.Release|Any CPU.Build.0 = Release|Any CPU
		{8FC5AC26-4681-406A-B8C9-74586CED1AB3}.Release|x64.ActiveCfg = Release|Any CPU
		{8FC5AC26-4681-406A-B8C9-74586CED1AB3}.Release|x64.Build.0 = Release|Any CPU
		{8FC5AC26-4681-406A-B8C9-74586CED1AB3}.Release|x86.ActiveCfg = Release|Any CPU
		{8FC5AC26-4681-406A-B8C9-74586CED1AB3}.Release|x86.Build.0 = Release|Any CPU
		{0DE58203-E1B6-4D0C-9A7F-FDC7CD570D68}.Debug|Any CPU.ActiveCfg = Debug|Any CPU
		{0DE58203-E1B6-4D0C-9A7F-FDC7CD570D68}.Debug|Any CPU.Build.0 = Debug|Any CPU
		{0DE58203-E1B6-4D0C-9A7F-FDC7CD570D68}.Debug|x64.ActiveCfg = Debug|Any CPU
		{0DE58203-E1B6-4D0C-9A7F-FDC7CD570D68}.Debug|x64.Build.0 = Debug|Any CPU
		{0DE58203-E1B6-4D0C-9A7F-FDC7CD570D68}.Debug|x86.ActiveCfg = Debug|Any CPU
		{0DE58203-E1B6-4D0C-9A7F-FDC7CD570D68}.Debug|x86.Build.0 = Debug|Any CPU
		{0DE58203-E1B6-4D0C-9A7F-FDC7CD570D68}.Release|Any CPU.ActiveCfg = Release|Any CPU
		{0DE58203-E1B6-4D0C-9A7F-FDC7CD570D68}.Release|Any CPU.Build.0 = Release|Any CPU
		{0DE58203-E1B6-4D0C-9A7F-FDC7CD570D68}.Release|x64.ActiveCfg = Release|Any CPU
		{0DE58203-E1B6-4D0C-9A7F-FDC7CD570D68}.Release|x64.Build.0 = Release|Any CPU
		{0DE58203-E1B6-4D0C-9A7F-FDC7CD570D68}.Release|x86.ActiveCfg = Release|Any CPU
		{0DE58203-E1B6-4D0C-9A7F-FDC7CD570D68}.Release|x86.Build.0 = Release|Any CPU
		{B088A747-9965-4286-8061-E3AA68A5E557}.Debug|Any CPU.ActiveCfg = Debug|Win32
		{B088A747-9965-4286-8061-E3AA68A5E557}.Debug|x64.ActiveCfg = Debug|x64
		{B088A747-9965-4286-8061-E3AA68A5E557}.Debug|x64.Build.0 = Debug|x64
		{B088A747-9965-4286-8061-E3AA68A5E557}.Debug|x86.ActiveCfg = Debug|Win32
		{B088A747-9965-4286-8061-E3AA68A5E557}.Debug|x86.Build.0 = Debug|Win32
		{B088A747-9965-4286-8061-E3AA68A5E557}.Release|Any CPU.ActiveCfg = Release|Win32
		{B088A747-9965-4286-8061-E3AA68A5E557}.Release|x64.ActiveCfg = Release|x64
		{B088A747-9965-4286-8061-E3AA68A5E557}.Release|x64.Build.0 = Release|x64
		{B088A747-9965-4286-8061-E3AA68A5E557}.Release|x86.ActiveCfg = Release|Win32
		{B088A747-9965-4286-8061-E3AA68A5E557}.Release|x86.Build.0 = Release|Win32
		{F2A133A6-8C2D-48D9-B8D2-44144513D942}.Debug|Any CPU.ActiveCfg = Debug|Any CPU
		{F2A133A6-8C2D-48D9-B8D2-44144513D942}.Debug|Any CPU.Build.0 = Debug|Any CPU
		{F2A133A6-8C2D-48D9-B8D2-44144513D942}.Debug|x64.ActiveCfg = Debug|Any CPU
		{F2A133A6-8C2D-48D9-B8D2-44144513D942}.Debug|x64.Build.0 = Debug|Any CPU
		{F2A133A6-8C2D-48D9-B8D2-44144513D942}.Debug|x86.ActiveCfg = Debug|Any CPU
		{F2A133A6-8C2D-48D9-B8D2-44144513D942}.Debug|x86.Build.0 = Debug|Any CPU
		{F2A133A6-8C2D-48D9-B8D2-44144513D942}.Release|Any CPU.ActiveCfg = Release|Any CPU
		{F2A133A6-8C2D-48D9-B8D2-44144513D942}.Release|Any CPU.Build.0 = Release|Any CPU
		{F2A133A6-8C2D-48D9-B8D2-44144513D942}.Release|x64.ActiveCfg = Release|Any CPU
		{F2A133A6-8C2D-48D9-B8D2-44144513D942}.Release|x64.Build.0 = Release|Any CPU
		{F2A133A6-8C2D-48D9-B8D2-44144513D942}.Release|x86.ActiveCfg = Release|Any CPU
		{F2A133A6-8C2D-48D9-B8D2-44144513D942}.Release|x86.Build.0 = Release|Any CPU
	EndGlobalSection
	GlobalSection(SolutionProperties) = preSolution
		HideSolutionNode = FALSE
	EndGlobalSection
	GlobalSection(ExtensibilityGlobals) = postSolution
		SolutionGuid = {CE1C79EE-6FB4-4A73-88E3-ACE0443FF0E9}
	EndGlobalSection
EndGlobal
